<?xml version="1.0" encoding="utf-8"?>
<Project ToolsVersion="4.0" xmlns="http://schemas.microsoft.com/developer/msbuild/2003">
  <ItemGroup>
    <Filter Include="源文件">
      <UniqueIdentifier>{4FC737F1-C7A5-4376-A066-2A32D752A2FF}</UniqueIdentifier>
      <Extensions>cpp;c;cc;cxx;c++;cppm;ixx;def;odl;idl;hpj;bat;asm;asmx</Extensions>
    </Filter>
    <Filter Include="头文件">
      <UniqueIdentifier>{93995380-89BD-4b04-88EB-625FBE52EBFB}</UniqueIdentifier>
      <Extensions>h;hh;hpp;hxx;h++;hm;inl;inc;ipp;xsd</Extensions>
    </Filter>
    <Filter Include="资源文件">
      <UniqueIdentifier>{67DA6AB6-F800-4c08-8B7A-83BB121AAD01}</UniqueIdentifier>
      <Extensions>rc;ico;cur;bmp;dlg;rc2;rct;bin;rgs;gif;jpg;jpeg;jpe;resx;tiff;tif;png;wav;mfcribbon-ms</Extensions>
    </Filter>
    <Filter Include="头文件\Asio">
      <UniqueIdentifier>{29ba193c-44e7-4b04-a9b0-fa7e33380b10}</UniqueIdentifier>
    </Filter>
    <Filter Include="源文件\Asio">
      <UniqueIdentifier>{ad5eb720-f85d-4e5f-b6ec-a6f922cbf155}</UniqueIdentifier>
    </Filter>
  </ItemGroup>
  <ItemGroup>
    <ClCompile Include="TestCpp.cpp">
      <Filter>源文件</Filter>
    </ClCompile>
    <ClCompile Include="Timer.cpp">
      <Filter>源文件</Filter>
    </ClCompile>
    <ClCompile Include="base.cpp">
      <Filter>源文件</Filter>
    </ClCompile>
    <ClCompile Include="general.cpp">
      <Filter>源文件</Filter>
    </ClCompile>
    <ClCompile Include="QueueTest.cpp">
      <Filter>源文件</Filter>
    </ClCompile>
    <ClCompile Include="RegexTest.cpp">
      <Filter>源文件</Filter>
    </ClCompile>
    <ClCompile Include="StringTest.cpp">
      <Filter>源文件</Filter>
    </ClCompile>
    <ClCompile Include="testErrorNoUI.cpp">
      <Filter>源文件</Filter>
    </ClCompile>
    <ClCompile Include="testPoly.cpp">
      <Filter>源文件</Filter>
    </ClCompile>
    <ClCompile Include="Asio.cpp">
      <Filter>源文件\Asio</Filter>
    </ClCompile>
    <ClCompile Include="TemplateTest.cpp">
      <Filter>源文件</Filter>
    </ClCompile>
    <ClCompile Include="ProcessTest.cpp">
      <Filter>源文件</Filter>
    </ClCompile>
  </ItemGroup>
  <ItemGroup>
    <ClInclude Include="base.h">
      <Filter>头文件</Filter>
    </ClInclude>
    <ClInclude Include="general.h">
      <Filter>头文件</Filter>
    </ClInclude>
    <ClInclude Include="QueueTest.h">
      <Filter>头文件</Filter>
    </ClInclude>
    <ClInclude Include="RegexTest.h">
      <Filter>头文件</Filter>
    </ClInclude>
    <ClInclude Include="StringTest.h">
      <Filter>头文件</Filter>
    </ClInclude>
    <ClInclude Include="Timer.h">
      <Filter>头文件</Filter>
    </ClInclude>
    <ClInclude Include="testErrorNoUI.h">
      <Filter>头文件</Filter>
    </ClInclude>
    <ClInclude Include="testPoly.h">
      <Filter>头文件</Filter>
    </ClInclude>
    <ClInclude Include="Asio.h">
      <Filter>头文件\Asio</Filter>
    </ClInclude>
    <ClInclude Include="TemplateTest.h">
      <Filter>头文件</Filter>
    </ClInclude>
    <ClInclude Include="ProcessTest.h">
      <Filter>头文件</Filter>
    </ClInclude>
  </ItemGroup>
</Project>