
Microsoft Visual Studio Solution File, Format Version 12.00
# Visual Studio Version 17
VisualStudioVersion = 17.5.33516.290
MinimumVisualStudioVersion = 10.0.40219.1
Project("{9A19103F-16F7-4668-BE54-9A1E7A4F7556}") = "TestCsharp", "TestCsharp\TestCsharp.csproj", "{B19FE6DD-F6FD-49DC-87A2-0709D614E53B}"
EndProject
Project("{8BC9CEB8-8B4A-11D0-8D11-00A0C91BC942}") = "TestCpp", "TestCpp\TestCpp.vcxproj", "{AF8C306C-4BA6-4A82-B3DA-2A2C817D0128}"
EndProject
Project("{FAE04EC0-301F-11D3-BF4B-00C04F79EFBC}") = "TestXml", "TestXml\TestXml.csproj", "{7A25982B-D00A-487D-BE65-54DA193C7346}"
EndProject
Project("{FAE04EC0-301F-11D3-BF4B-00C04F79EFBC}") = "ScanFiles", "ScanFiles\ScanFiles.csproj", "{697BB827-3455-493F-9D14-A5F59E2A1CC1}"
EndProject
Project("{FAE04EC0-301F-11D3-BF4B-00C04F79EFBC}") = "Generate5CRecFiles", "Generate5CRecFiles\Generate5CRecFiles.csproj", "{0F4E5EC5-EFE6-4C34-962F-16B2F288032F}"
EndProject
Project("{FAE04EC0-301F-11D3-BF4B-00C04F79EFBC}") = "ScanLogsForLiveMsg", "ScanLogsForLiveMsg\ScanLogsForLiveMsg.csproj", "{922F05BD-6F17-4460-9F20-0B025E714DF5}"
EndProject
Project("{FAE04EC0-301F-11D3-BF4B-00C04F79EFBC}") = "ScanLogsForBeijingYZ", "ScanLogsForBeijingYZ\ScanLogsForBeijingYZ.csproj", "{48AF197D-A452-4014-AAF3-1F87DFFB6FA4}"
EndProject
Project("{8BC9CEB8-8B4A-11D0-8D11-00A0C91BC942}") = "TestCPP2", "TestCPP2\TestCPP2.vcxproj", "{E04A13B0-9511-4CE1-BE43-1E632988F0F0}"
EndProject
Project("{FAE04EC0-301F-11D3-BF4B-00C04F79EFBC}") = "ScanLogsForShanghai18", "ScanLogsForShanghai18\ScanLogsForShanghai18.csproj", "{DC5B134A-B969-4071-82B1-B31427325C77}"
EndProject
Project("{8BC9CEB8-8B4A-11D0-8D11-00A0C91BC942}") = "TestNJson", "TestNJson\TestNJson.vcxproj", "{300CF5ED-7B55-42AC-BA56-83A73CAE45D3}"
EndProject
Project("{8BC9CEB8-8B4A-11D0-8D11-00A0C91BC942}") = "TestMuiltThreads", "TestMuiltThreads\TestMuiltThreads.vcxproj", "{A1FD9155-F00B-444A-99D8-25DFD3121F2E}"
EndProject
Project("{FAE04EC0-301F-11D3-BF4B-00C04F79EFBC}") = "ScanLogsDelete", "ScanLogsDelete\ScanLogsDelete.csproj", "{B884EC75-1960-4513-BE5F-D219FFBE9911}"
EndProject
Project("{2150E333-8FDC-42A3-9474-1A3956D46DE8}") = "ZMQ", "ZMQ", "{CD03FBE6-2E62-4156-87B4-6A5428B0E19D}"
EndProject
Project("{8BC9CEB8-8B4A-11D0-8D11-00A0C91BC942}") = "ZMQ.Publisher", "ZMQ.Publisher\ZMQ.Publisher.vcxproj", "{39A25F1A-DBCF-49B7-9BAD-E3C35C6BCDB4}"
EndProject
Project("{8BC9CEB8-8B4A-11D0-8D11-00A0C91BC942}") = "TestAsync", "TestAsync\TestAsync.vcxproj", "{C0CCA7CA-6FFC-4A5F-8F09-1BCB834749FA}"
EndProject
Project("{8BC9CEB8-8B4A-11D0-8D11-00A0C91BC942}") = "ScanFilesCPP", "ScanFilesCPP\ScanFilesCPP.vcxproj", "{51E722FE-1888-4DBD-9D67-F0EBA0FDB2FB}"
EndProject
Project("{8BC9CEB8-8B4A-11D0-8D11-00A0C91BC942}") = "TestYaml", "TestYaml\TestYaml.vcxproj", "{BF93A588-260B-4769-A95C-980DFD0C0190}"
EndProject
Project("{8BC9CEB8-8B4A-11D0-8D11-00A0C91BC942}") = "WindowsSystemTime.Test", "WindowsSystemTime.Test\WindowsSystemTime.Test.vcxproj", "{507466A9-148A-4DC6-A5BE-17A6F9D259D8}"
EndProject
Project("{8BC9CEB8-8B4A-11D0-8D11-00A0C91BC942}") = "OpenCV.Test", "OpenCV.Test\OpenCV.Test.vcxproj", "{AFFB6794-56EE-44B1-A8EF-B09B5FED2F8B}"
EndProject
Project("{2150E333-8FDC-42A3-9474-1A3956D46DE8}") = "TestDLL", "TestDLL", "{5A34992A-75EE-4744-AAB5-4AF3D87DBEBA}"
EndProject
Project("{8BC9CEB8-8B4A-11D0-8D11-00A0C91BC942}") = "TestDLL", "TestDLL\TestDLL.vcxproj", "{A9784AAE-1940-4CF9-934D-AE0F34BBA63E}"
EndProject
Project("{8BC9CEB8-8B4A-11D0-8D11-00A0C91BC942}") = "Dll1", "Dll1\Dll1.vcxproj", "{F87396D2-BAA8-44F6-B4C9-A88BD5A320A4}"
EndProject
Project("{8BC9CEB8-8B4A-11D0-8D11-00A0C91BC942}") = "Dll2", "Dll2\Dll2.vcxproj", "{23C8D4CD-1916-45F8-8767-D64DF2F29034}"
EndProject
Project("{8BC9CEB8-8B4A-11D0-8D11-00A0C91BC942}") = "Mem", "Mem\Mem.vcxproj", "{57CAAC7D-44F0-4BD2-8B97-751398E9DA2C}"
EndProject
Project("{2150E333-8FDC-42A3-9474-1A3956D46DE8}") = "ProAsst", "ProAsst", "{3F584555-E218-4B91-8457-61E4A5B89511}"
EndProject
Project("{2150E333-8FDC-42A3-9474-1A3956D46DE8}") = "CPP", "CPP", "{7FF5B254-E9F6-4B76-8844-6973DF2D6785}"
EndProject
Project("{2150E333-8FDC-42A3-9474-1A3956D46DE8}") = "CS", "CS", "{041A0D9D-E6E6-46BF-8897-D6BE0D459000}"
EndProject
Project("{8BC9CEB8-8B4A-11D0-8D11-00A0C91BC942}") = "Polymorphism", "Cpp\Polymorphism\Polymorphism.vcxproj", "{7E486E6A-1BA8-45E0-9864-D0009F202E74}"
EndProject
Global
	GlobalSection(SolutionConfigurationPlatforms) = preSolution
		Debug|Any CPU = Debug|Any CPU
		Debug|Mixed Platforms = Debug|Mixed Platforms
		Debug|Win32 = Debug|Win32
		Debug|x64 = Debug|x64
		Debug|x86 = Debug|x86
		Release|Any CPU = Release|Any CPU
		Release|Mixed Platforms = Release|Mixed Platforms
		Release|Win32 = Release|Win32
		Release|x64 = Release|x64
		Release|x86 = Release|x86
	EndGlobalSection
	GlobalSection(ProjectConfigurationPlatforms) = postSolution
		{B19FE6DD-F6FD-49DC-87A2-0709D614E53B}.Debug|Any CPU.ActiveCfg = Debug|Any CPU
		{B19FE6DD-F6FD-49DC-87A2-0709D614E53B}.Debug|Any CPU.Build.0 = Debug|Any CPU
		{B19FE6DD-F6FD-49DC-87A2-0709D614E53B}.Debug|Mixed Platforms.ActiveCfg = Debug|Any CPU
		{B19FE6DD-F6FD-49DC-87A2-0709D614E53B}.Debug|Win32.ActiveCfg = Debug|Any CPU
		{B19FE6DD-F6FD-49DC-87A2-0709D614E53B}.Debug|Win32.Build.0 = Debug|Any CPU
		{B19FE6DD-F6FD-49DC-87A2-0709D614E53B}.Debug|x64.ActiveCfg = Debug|Any CPU
		{B19FE6DD-F6FD-49DC-87A2-0709D614E53B}.Debug|x64.Build.0 = Debug|Any CPU
		{B19FE6DD-F6FD-49DC-87A2-0709D614E53B}.Debug|x86.ActiveCfg = Debug|Any CPU
		{B19FE6DD-F6FD-49DC-87A2-0709D614E53B}.Debug|x86.Build.0 = Debug|Any CPU
		{B19FE6DD-F6FD-49DC-87A2-0709D614E53B}.Release|Any CPU.ActiveCfg = Release|Any CPU
		{B19FE6DD-F6FD-49DC-87A2-0709D614E53B}.Release|Any CPU.Build.0 = Release|Any CPU
		{B19FE6DD-F6FD-49DC-87A2-0709D614E53B}.Release|Mixed Platforms.ActiveCfg = Release|Any CPU
		{B19FE6DD-F6FD-49DC-87A2-0709D614E53B}.Release|Win32.ActiveCfg = Release|Any CPU
		{B19FE6DD-F6FD-49DC-87A2-0709D614E53B}.Release|Win32.Build.0 = Release|Any CPU
		{B19FE6DD-F6FD-49DC-87A2-0709D614E53B}.Release|x64.ActiveCfg = Release|Any CPU
		{B19FE6DD-F6FD-49DC-87A2-0709D614E53B}.Release|x64.Build.0 = Release|Any CPU
		{B19FE6DD-F6FD-49DC-87A2-0709D614E53B}.Release|x86.ActiveCfg = Release|Any CPU
		{B19FE6DD-F6FD-49DC-87A2-0709D614E53B}.Release|x86.Build.0 = Release|Any CPU
		{AF8C306C-4BA6-4A82-B3DA-2A2C817D0128}.Debug|Any CPU.ActiveCfg = Debug|Win32
		{AF8C306C-4BA6-4A82-B3DA-2A2C817D0128}.Debug|Mixed Platforms.ActiveCfg = Debug|Win32
		{AF8C306C-4BA6-4A82-B3DA-2A2C817D0128}.Debug|Mixed Platforms.Build.0 = Debug|Win32
		{AF8C306C-4BA6-4A82-B3DA-2A2C817D0128}.Debug|Win32.ActiveCfg = Debug|Win32
		{AF8C306C-4BA6-4A82-B3DA-2A2C817D0128}.Debug|Win32.Build.0 = Debug|Win32
		{AF8C306C-4BA6-4A82-B3DA-2A2C817D0128}.Debug|x64.ActiveCfg = Debug|x64
		{AF8C306C-4BA6-4A82-B3DA-2A2C817D0128}.Debug|x64.Build.0 = Debug|x64
		{AF8C306C-4BA6-4A82-B3DA-2A2C817D0128}.Debug|x86.ActiveCfg = Debug|Win32
		{AF8C306C-4BA6-4A82-B3DA-2A2C817D0128}.Debug|x86.Build.0 = Debug|Win32
		{AF8C306C-4BA6-4A82-B3DA-2A2C817D0128}.Release|Any CPU.ActiveCfg = Release|Win32
		{AF8C306C-4BA6-4A82-B3DA-2A2C817D0128}.Release|Mixed Platforms.ActiveCfg = Release|Win32
		{AF8C306C-4BA6-4A82-B3DA-2A2C817D0128}.Release|Mixed Platforms.Build.0 = Release|Win32
		{AF8C306C-4BA6-4A82-B3DA-2A2C817D0128}.Release|Win32.ActiveCfg = Release|Win32
		{AF8C306C-4BA6-4A82-B3DA-2A2C817D0128}.Release|Win32.Build.0 = Release|Win32
		{AF8C306C-4BA6-4A82-B3DA-2A2C817D0128}.Release|x64.ActiveCfg = Release|x64
		{AF8C306C-4BA6-4A82-B3DA-2A2C817D0128}.Release|x64.Build.0 = Release|x64
		{AF8C306C-4BA6-4A82-B3DA-2A2C817D0128}.Release|x86.ActiveCfg = Release|Win32
		{AF8C306C-4BA6-4A82-B3DA-2A2C817D0128}.Release|x86.Build.0 = Release|Win32
		{7A25982B-D00A-487D-BE65-54DA193C7346}.Debug|Any CPU.ActiveCfg = Debug|Any CPU
		{7A25982B-D00A-487D-BE65-54DA193C7346}.Debug|Any CPU.Build.0 = Debug|Any CPU
		{7A25982B-D00A-487D-BE65-54DA193C7346}.Debug|Mixed Platforms.ActiveCfg = Debug|Any CPU
		{7A25982B-D00A-487D-BE65-54DA193C7346}.Debug|Mixed Platforms.Build.0 = Debug|Any CPU
		{7A25982B-D00A-487D-BE65-54DA193C7346}.Debug|Win32.ActiveCfg = Debug|Any CPU
		{7A25982B-D00A-487D-BE65-54DA193C7346}.Debug|Win32.Build.0 = Debug|Any CPU
		{7A25982B-D00A-487D-BE65-54DA193C7346}.Debug|x64.ActiveCfg = Debug|Any CPU
		{7A25982B-D00A-487D-BE65-54DA193C7346}.Debug|x64.Build.0 = Debug|Any CPU
		{7A25982B-D00A-487D-BE65-54DA193C7346}.Debug|x86.ActiveCfg = Debug|Any CPU
		{7A25982B-D00A-487D-BE65-54DA193C7346}.Debug|x86.Build.0 = Debug|Any CPU
		{7A25982B-D00A-487D-BE65-54DA193C7346}.Release|Any CPU.ActiveCfg = Release|Any CPU
		{7A25982B-D00A-487D-BE65-54DA193C7346}.Release|Any CPU.Build.0 = Release|Any CPU
		{7A25982B-D00A-487D-BE65-54DA193C7346}.Release|Mixed Platforms.ActiveCfg = Release|Any CPU
		{7A25982B-D00A-487D-BE65-54DA193C7346}.Release|Mixed Platforms.Build.0 = Release|Any CPU
		{7A25982B-D00A-487D-BE65-54DA193C7346}.Release|Win32.ActiveCfg = Release|Any CPU
		{7A25982B-D00A-487D-BE65-54DA193C7346}.Release|Win32.Build.0 = Release|Any CPU
		{7A25982B-D00A-487D-BE65-54DA193C7346}.Release|x64.ActiveCfg = Release|Any CPU
		{7A25982B-D00A-487D-BE65-54DA193C7346}.Release|x64.Build.0 = Release|Any CPU
		{7A25982B-D00A-487D-BE65-54DA193C7346}.Release|x86.ActiveCfg = Release|Any CPU
		{7A25982B-D00A-487D-BE65-54DA193C7346}.Release|x86.Build.0 = Release|Any CPU
		{697BB827-3455-493F-9D14-A5F59E2A1CC1}.Debug|Any CPU.ActiveCfg = Debug|Any CPU
		{697BB827-3455-493F-9D14-A5F59E2A1CC1}.Debug|Any CPU.Build.0 = Debug|Any CPU
		{697BB827-3455-493F-9D14-A5F59E2A1CC1}.Debug|Mixed Platforms.ActiveCfg = Debug|Any CPU
		{697BB827-3455-493F-9D14-A5F59E2A1CC1}.Debug|Mixed Platforms.Build.0 = Debug|Any CPU
		{697BB827-3455-493F-9D14-A5F59E2A1CC1}.Debug|Win32.ActiveCfg = Debug|Any CPU
		{697BB827-3455-493F-9D14-A5F59E2A1CC1}.Debug|Win32.Build.0 = Debug|Any CPU
		{697BB827-3455-493F-9D14-A5F59E2A1CC1}.Debug|x64.ActiveCfg = Debug|Any CPU
		{697BB827-3455-493F-9D14-A5F59E2A1CC1}.Debug|x64.Build.0 = Debug|Any CPU
		{697BB827-3455-493F-9D14-A5F59E2A1CC1}.Debug|x86.ActiveCfg = Debug|Any CPU
		{697BB827-3455-493F-9D14-A5F59E2A1CC1}.Debug|x86.Build.0 = Debug|Any CPU
		{697BB827-3455-493F-9D14-A5F59E2A1CC1}.Release|Any CPU.ActiveCfg = Release|Any CPU
		{697BB827-3455-493F-9D14-A5F59E2A1CC1}.Release|Any CPU.Build.0 = Release|Any CPU
		{697BB827-3455-493F-9D14-A5F59E2A1CC1}.Release|Mixed Platforms.ActiveCfg = Release|Any CPU
		{697BB827-3455-493F-9D14-A5F59E2A1CC1}.Release|Mixed Platforms.Build.0 = Release|Any CPU
		{697BB827-3455-493F-9D14-A5F59E2A1CC1}.Release|Win32.ActiveCfg = Release|Any CPU
		{697BB827-3455-493F-9D14-A5F59E2A1CC1}.Release|Win32.Build.0 = Release|Any CPU
		{697BB827-3455-493F-9D14-A5F59E2A1CC1}.Release|x64.ActiveCfg = Release|Any CPU
		{697BB827-3455-493F-9D14-A5F59E2A1CC1}.Release|x64.Build.0 = Release|Any CPU
		{697BB827-3455-493F-9D14-A5F59E2A1CC1}.Release|x86.ActiveCfg = Release|Any CPU
		{697BB827-3455-493F-9D14-A5F59E2A1CC1}.Release|x86.Build.0 = Release|Any CPU
		{0F4E5EC5-EFE6-4C34-962F-16B2F288032F}.Debug|Any CPU.ActiveCfg = Debug|Any CPU
		{0F4E5EC5-EFE6-4C34-962F-16B2F288032F}.Debug|Any CPU.Build.0 = Debug|Any CPU
		{0F4E5EC5-EFE6-4C34-962F-16B2F288032F}.Debug|Mixed Platforms.ActiveCfg = Debug|Any CPU
		{0F4E5EC5-EFE6-4C34-962F-16B2F288032F}.Debug|Mixed Platforms.Build.0 = Debug|Any CPU
		{0F4E5EC5-EFE6-4C34-962F-16B2F288032F}.Debug|Win32.ActiveCfg = Debug|Any CPU
		{0F4E5EC5-EFE6-4C34-962F-16B2F288032F}.Debug|Win32.Build.0 = Debug|Any CPU
		{0F4E5EC5-EFE6-4C34-962F-16B2F288032F}.Debug|x64.ActiveCfg = Debug|Any CPU
		{0F4E5EC5-EFE6-4C34-962F-16B2F288032F}.Debug|x64.Build.0 = Debug|Any CPU
		{0F4E5EC5-EFE6-4C34-962F-16B2F288032F}.Debug|x86.ActiveCfg = Debug|Any CPU
		{0F4E5EC5-EFE6-4C34-962F-16B2F288032F}.Debug|x86.Build.0 = Debug|Any CPU
		{0F4E5EC5-EFE6-4C34-962F-16B2F288032F}.Release|Any CPU.ActiveCfg = Release|Any CPU
		{0F4E5EC5-EFE6-4C34-962F-16B2F288032F}.Release|Any CPU.Build.0 = Release|Any CPU
		{0F4E5EC5-EFE6-4C34-962F-16B2F288032F}.Release|Mixed Platforms.ActiveCfg = Release|Any CPU
		{0F4E5EC5-EFE6-4C34-962F-16B2F288032F}.Release|Mixed Platforms.Build.0 = Release|Any CPU
		{0F4E5EC5-EFE6-4C34-962F-16B2F288032F}.Release|Win32.ActiveCfg = Release|Any CPU
		{0F4E5EC5-EFE6-4C34-962F-16B2F288032F}.Release|Win32.Build.0 = Release|Any CPU
		{0F4E5EC5-EFE6-4C34-962F-16B2F288032F}.Release|x64.ActiveCfg = Release|Any CPU
		{0F4E5EC5-EFE6-4C34-962F-16B2F288032F}.Release|x64.Build.0 = Release|Any CPU
		{0F4E5EC5-EFE6-4C34-962F-16B2F288032F}.Release|x86.ActiveCfg = Release|Any CPU
		{0F4E5EC5-EFE6-4C34-962F-16B2F288032F}.Release|x86.Build.0 = Release|Any CPU
		{922F05BD-6F17-4460-9F20-0B025E714DF5}.Debug|Any CPU.ActiveCfg = Debug|Any CPU
		{922F05BD-6F17-4460-9F20-0B025E714DF5}.Debug|Any CPU.Build.0 = Debug|Any CPU
		{922F05BD-6F17-4460-9F20-0B025E714DF5}.Debug|Mixed Platforms.ActiveCfg = Debug|Any CPU
		{922F05BD-6F17-4460-9F20-0B025E714DF5}.Debug|Mixed Platforms.Build.0 = Debug|Any CPU
		{922F05BD-6F17-4460-9F20-0B025E714DF5}.Debug|Win32.ActiveCfg = Debug|Any CPU
		{922F05BD-6F17-4460-9F20-0B025E714DF5}.Debug|Win32.Build.0 = Debug|Any CPU
		{922F05BD-6F17-4460-9F20-0B025E714DF5}.Debug|x64.ActiveCfg = Debug|Any CPU
		{922F05BD-6F17-4460-9F20-0B025E714DF5}.Debug|x64.Build.0 = Debug|Any CPU
		{922F05BD-6F17-4460-9F20-0B025E714DF5}.Debug|x86.ActiveCfg = Debug|Any CPU
		{922F05BD-6F17-4460-9F20-0B025E714DF5}.Debug|x86.Build.0 = Debug|Any CPU
		{922F05BD-6F17-4460-9F20-0B025E714DF5}.Release|Any CPU.ActiveCfg = Release|Any CPU
		{922F05BD-6F17-4460-9F20-0B025E714DF5}.Release|Any CPU.Build.0 = Release|Any CPU
		{922F05BD-6F17-4460-9F20-0B025E714DF5}.Release|Mixed Platforms.ActiveCfg = Release|Any CPU
		{922F05BD-6F17-4460-9F20-0B025E714DF5}.Release|Mixed Platforms.Build.0 = Release|Any CPU
		{922F05BD-6F17-4460-9F20-0B025E714DF5}.Release|Win32.ActiveCfg = Release|Any CPU
		{922F05BD-6F17-4460-9F20-0B025E714DF5}.Release|Win32.Build.0 = Release|Any CPU
		{922F05BD-6F17-4460-9F20-0B025E714DF5}.Release|x64.ActiveCfg = Release|Any CPU
		{922F05BD-6F17-4460-9F20-0B025E714DF5}.Release|x64.Build.0 = Release|Any CPU
		{922F05BD-6F17-4460-9F20-0B025E714DF5}.Release|x86.ActiveCfg = Release|Any CPU
		{922F05BD-6F17-4460-9F20-0B025E714DF5}.Release|x86.Build.0 = Release|Any CPU
		{48AF197D-A452-4014-AAF3-1F87DFFB6FA4}.Debug|Any CPU.ActiveCfg = Debug|Any CPU
		{48AF197D-A452-4014-AAF3-1F87DFFB6FA4}.Debug|Any CPU.Build.0 = Debug|Any CPU
		{48AF197D-A452-4014-AAF3-1F87DFFB6FA4}.Debug|Mixed Platforms.ActiveCfg = Debug|Any CPU
		{48AF197D-A452-4014-AAF3-1F87DFFB6FA4}.Debug|Mixed Platforms.Build.0 = Debug|Any CPU
		{48AF197D-A452-4014-AAF3-1F87DFFB6FA4}.Debug|Win32.ActiveCfg = Debug|Any CPU
		{48AF197D-A452-4014-AAF3-1F87DFFB6FA4}.Debug|Win32.Build.0 = Debug|Any CPU
		{48AF197D-A452-4014-AAF3-1F87DFFB6FA4}.Debug|x64.ActiveCfg = Debug|Any CPU
		{48AF197D-A452-4014-AAF3-1F87DFFB6FA4}.Debug|x64.Build.0 = Debug|Any CPU
		{48AF197D-A452-4014-AAF3-1F87DFFB6FA4}.Debug|x86.ActiveCfg = Debug|Any CPU
		{48AF197D-A452-4014-AAF3-1F87DFFB6FA4}.Debug|x86.Build.0 = Debug|Any CPU
		{48AF197D-A452-4014-AAF3-1F87DFFB6FA4}.Release|Any CPU.ActiveCfg = Release|Any CPU
		{48AF197D-A452-4014-AAF3-1F87DFFB6FA4}.Release|Any CPU.Build.0 = Release|Any CPU
		{48AF197D-A452-4014-AAF3-1F87DFFB6FA4}.Release|Mixed Platforms.ActiveCfg = Release|Any CPU
		{48AF197D-A452-4014-AAF3-1F87DFFB6FA4}.Release|Mixed Platforms.Build.0 = Release|Any CPU
		{48AF197D-A452-4014-AAF3-1F87DFFB6FA4}.Release|Win32.ActiveCfg = Release|Any CPU
		{48AF197D-A452-4014-AAF3-1F87DFFB6FA4}.Release|Win32.Build.0 = Release|Any CPU
		{48AF197D-A452-4014-AAF3-1F87DFFB6FA4}.Release|x64.ActiveCfg = Release|Any CPU
		{48AF197D-A452-4014-AAF3-1F87DFFB6FA4}.Release|x64.Build.0 = Release|Any CPU
		{48AF197D-A452-4014-AAF3-1F87DFFB6FA4}.Release|x86.ActiveCfg = Release|Any CPU
		{48AF197D-A452-4014-AAF3-1F87DFFB6FA4}.Release|x86.Build.0 = Release|Any CPU
		{E04A13B0-9511-4CE1-BE43-1E632988F0F0}.Debug|Any CPU.ActiveCfg = Debug|Win32
		{E04A13B0-9511-4CE1-BE43-1E632988F0F0}.Debug|Mixed Platforms.ActiveCfg = Debug|Win32
		{E04A13B0-9511-4CE1-BE43-1E632988F0F0}.Debug|Mixed Platforms.Build.0 = Debug|Win32
		{E04A13B0-9511-4CE1-BE43-1E632988F0F0}.Debug|Win32.ActiveCfg = Debug|Win32
		{E04A13B0-9511-4CE1-BE43-1E632988F0F0}.Debug|Win32.Build.0 = Debug|Win32
		{E04A13B0-9511-4CE1-BE43-1E632988F0F0}.Debug|x64.ActiveCfg = Debug|x64
		{E04A13B0-9511-4CE1-BE43-1E632988F0F0}.Debug|x64.Build.0 = Debug|x64
		{E04A13B0-9511-4CE1-BE43-1E632988F0F0}.Debug|x86.ActiveCfg = Debug|Win32
		{E04A13B0-9511-4CE1-BE43-1E632988F0F0}.Debug|x86.Build.0 = Debug|Win32
		{E04A13B0-9511-4CE1-BE43-1E632988F0F0}.Release|Any CPU.ActiveCfg = Release|Win32
		{E04A13B0-9511-4CE1-BE43-1E632988F0F0}.Release|Mixed Platforms.ActiveCfg = Release|Win32
		{E04A13B0-9511-4CE1-BE43-1E632988F0F0}.Release|Mixed Platforms.Build.0 = Release|Win32
		{E04A13B0-9511-4CE1-BE43-1E632988F0F0}.Release|Win32.ActiveCfg = Release|Win32
		{E04A13B0-9511-4CE1-BE43-1E632988F0F0}.Release|Win32.Build.0 = Release|Win32
		{E04A13B0-9511-4CE1-BE43-1E632988F0F0}.Release|x64.ActiveCfg = Release|x64
		{E04A13B0-9511-4CE1-BE43-1E632988F0F0}.Release|x64.Build.0 = Release|x64
		{E04A13B0-9511-4CE1-BE43-1E632988F0F0}.Release|x86.ActiveCfg = Release|Win32
		{E04A13B0-9511-4CE1-BE43-1E632988F0F0}.Release|x86.Build.0 = Release|Win32
		{DC5B134A-B969-4071-82B1-B31427325C77}.Debug|Any CPU.ActiveCfg = Debug|Any CPU
		{DC5B134A-B969-4071-82B1-B31427325C77}.Debug|Any CPU.Build.0 = Debug|Any CPU
		{DC5B134A-B969-4071-82B1-B31427325C77}.Debug|Mixed Platforms.ActiveCfg = Debug|Any CPU
		{DC5B134A-B969-4071-82B1-B31427325C77}.Debug|Mixed Platforms.Build.0 = Debug|Any CPU
		{DC5B134A-B969-4071-82B1-B31427325C77}.Debug|Win32.ActiveCfg = Debug|Any CPU
		{DC5B134A-B969-4071-82B1-B31427325C77}.Debug|Win32.Build.0 = Debug|Any CPU
		{DC5B134A-B969-4071-82B1-B31427325C77}.Debug|x64.ActiveCfg = Debug|Any CPU
		{DC5B134A-B969-4071-82B1-B31427325C77}.Debug|x64.Build.0 = Debug|Any CPU
		{DC5B134A-B969-4071-82B1-B31427325C77}.Debug|x86.ActiveCfg = Debug|Any CPU
		{DC5B134A-B969-4071-82B1-B31427325C77}.Debug|x86.Build.0 = Debug|Any CPU
		{DC5B134A-B969-4071-82B1-B31427325C77}.Release|Any CPU.ActiveCfg = Release|Any CPU
		{DC5B134A-B969-4071-82B1-B31427325C77}.Release|Any CPU.Build.0 = Release|Any CPU
		{DC5B134A-B969-4071-82B1-B31427325C77}.Release|Mixed Platforms.ActiveCfg = Release|Any CPU
		{DC5B134A-B969-4071-82B1-B31427325C77}.Release|Mixed Platforms.Build.0 = Release|Any CPU
		{DC5B134A-B969-4071-82B1-B31427325C77}.Release|Win32.ActiveCfg = Release|Any CPU
		{DC5B134A-B969-4071-82B1-B31427325C77}.Release|Win32.Build.0 = Release|Any CPU
		{DC5B134A-B969-4071-82B1-B31427325C77}.Release|x64.ActiveCfg = Release|Any CPU
		{DC5B134A-B969-4071-82B1-B31427325C77}.Release|x64.Build.0 = Release|Any CPU
		{DC5B134A-B969-4071-82B1-B31427325C77}.Release|x86.ActiveCfg = Release|Any CPU
		{DC5B134A-B969-4071-82B1-B31427325C77}.Release|x86.Build.0 = Release|Any CPU
		{300CF5ED-7B55-42AC-BA56-83A73CAE45D3}.Debug|Any CPU.ActiveCfg = Debug|x64
		{300CF5ED-7B55-42AC-BA56-83A73CAE45D3}.Debug|Any CPU.Build.0 = Debug|x64
		{300CF5ED-7B55-42AC-BA56-83A73CAE45D3}.Debug|Mixed Platforms.ActiveCfg = Debug|Win32
		{300CF5ED-7B55-42AC-BA56-83A73CAE45D3}.Debug|Mixed Platforms.Build.0 = Debug|Win32
		{300CF5ED-7B55-42AC-BA56-83A73CAE45D3}.Debug|Win32.ActiveCfg = Debug|Win32
		{300CF5ED-7B55-42AC-BA56-83A73CAE45D3}.Debug|Win32.Build.0 = Debug|Win32
		{300CF5ED-7B55-42AC-BA56-83A73CAE45D3}.Debug|x64.ActiveCfg = Debug|x64
		{300CF5ED-7B55-42AC-BA56-83A73CAE45D3}.Debug|x64.Build.0 = Debug|x64
		{300CF5ED-7B55-42AC-BA56-83A73CAE45D3}.Debug|x86.ActiveCfg = Debug|Win32
		{300CF5ED-7B55-42AC-BA56-83A73CAE45D3}.Debug|x86.Build.0 = Debug|Win32
		{300CF5ED-7B55-42AC-BA56-83A73CAE45D3}.Release|Any CPU.ActiveCfg = Release|x64
		{300CF5ED-7B55-42AC-BA56-83A73CAE45D3}.Release|Any CPU.Build.0 = Release|x64
		{300CF5ED-7B55-42AC-BA56-83A73CAE45D3}.Release|Mixed Platforms.ActiveCfg = Release|Win32
		{300CF5ED-7B55-42AC-BA56-83A73CAE45D3}.Release|Mixed Platforms.Build.0 = Release|Win32
		{300CF5ED-7B55-42AC-BA56-83A73CAE45D3}.Release|Win32.ActiveCfg = Release|Win32
		{300CF5ED-7B55-42AC-BA56-83A73CAE45D3}.Release|Win32.Build.0 = Release|Win32
		{300CF5ED-7B55-42AC-BA56-83A73CAE45D3}.Release|x64.ActiveCfg = Release|x64
		{300CF5ED-7B55-42AC-BA56-83A73CAE45D3}.Release|x64.Build.0 = Release|x64
		{300CF5ED-7B55-42AC-BA56-83A73CAE45D3}.Release|x86.ActiveCfg = Release|Win32
		{300CF5ED-7B55-42AC-BA56-83A73CAE45D3}.Release|x86.Build.0 = Release|Win32
		{A1FD9155-F00B-444A-99D8-25DFD3121F2E}.Debug|Any CPU.ActiveCfg = Debug|x64
		{A1FD9155-F00B-444A-99D8-25DFD3121F2E}.Debug|Any CPU.Build.0 = Debug|x64
		{A1FD9155-F00B-444A-99D8-25DFD3121F2E}.Debug|Mixed Platforms.ActiveCfg = Debug|Win32
		{A1FD9155-F00B-444A-99D8-25DFD3121F2E}.Debug|Mixed Platforms.Build.0 = Debug|Win32
		{A1FD9155-F00B-444A-99D8-25DFD3121F2E}.Debug|Win32.ActiveCfg = Debug|Win32
		{A1FD9155-F00B-444A-99D8-25DFD3121F2E}.Debug|Win32.Build.0 = Debug|Win32
		{A1FD9155-F00B-444A-99D8-25DFD3121F2E}.Debug|x64.ActiveCfg = Debug|x64
		{A1FD9155-F00B-444A-99D8-25DFD3121F2E}.Debug|x64.Build.0 = Debug|x64
		{A1FD9155-F00B-444A-99D8-25DFD3121F2E}.Debug|x86.ActiveCfg = Debug|Win32
		{A1FD9155-F00B-444A-99D8-25DFD3121F2E}.Debug|x86.Build.0 = Debug|Win32
		{A1FD9155-F00B-444A-99D8-25DFD3121F2E}.Release|Any CPU.ActiveCfg = Release|x64
		{A1FD9155-F00B-444A-99D8-25DFD3121F2E}.Release|Any CPU.Build.0 = Release|x64
		{A1FD9155-F00B-444A-99D8-25DFD3121F2E}.Release|Mixed Platforms.ActiveCfg = Release|Win32
		{A1FD9155-F00B-444A-99D8-25DFD3121F2E}.Release|Mixed Platforms.Build.0 = Release|Win32
		{A1FD9155-F00B-444A-99D8-25DFD3121F2E}.Release|Win32.ActiveCfg = Release|Win32
		{A1FD9155-F00B-444A-99D8-25DFD3121F2E}.Release|Win32.Build.0 = Release|Win32
		{A1FD9155-F00B-444A-99D8-25DFD3121F2E}.Release|x64.ActiveCfg = Release|x64
		{A1FD9155-F00B-444A-99D8-25DFD3121F2E}.Release|x64.Build.0 = Release|x64
		{A1FD9155-F00B-444A-99D8-25DFD3121F2E}.Release|x86.ActiveCfg = Release|Win32
		{A1FD9155-F00B-444A-99D8-25DFD3121F2E}.Release|x86.Build.0 = Release|Win32
		{B884EC75-1960-4513-BE5F-D219FFBE9911}.Debug|Any CPU.ActiveCfg = Debug|Any CPU
		{B884EC75-1960-4513-BE5F-D219FFBE9911}.Debug|Any CPU.Build.0 = Debug|Any CPU
		{B884EC75-1960-4513-BE5F-D219FFBE9911}.Debug|Mixed Platforms.ActiveCfg = Debug|Any CPU
		{B884EC75-1960-4513-BE5F-D219FFBE9911}.Debug|Mixed Platforms.Build.0 = Debug|Any CPU
		{B884EC75-1960-4513-BE5F-D219FFBE9911}.Debug|Win32.ActiveCfg = Debug|Any CPU
		{B884EC75-1960-4513-BE5F-D219FFBE9911}.Debug|Win32.Build.0 = Debug|Any CPU
		{B884EC75-1960-4513-BE5F-D219FFBE9911}.Debug|x64.ActiveCfg = Debug|Any CPU
		{B884EC75-1960-4513-BE5F-D219FFBE9911}.Debug|x86.ActiveCfg = Debug|Any CPU
		{B884EC75-1960-4513-BE5F-D219FFBE9911}.Release|Any CPU.ActiveCfg = Release|Any CPU
		{B884EC75-1960-4513-BE5F-D219FFBE9911}.Release|Any CPU.Build.0 = Release|Any CPU
		{B884EC75-1960-4513-BE5F-D219FFBE9911}.Release|Mixed Platforms.ActiveCfg = Release|Any CPU
		{B884EC75-1960-4513-BE5F-D219FFBE9911}.Release|Mixed Platforms.Build.0 = Release|Any CPU
		{B884EC75-1960-4513-BE5F-D219FFBE9911}.Release|Win32.ActiveCfg = Release|Any CPU
		{B884EC75-1960-4513-BE5F-D219FFBE9911}.Release|Win32.Build.0 = Release|Any CPU
		{B884EC75-1960-4513-BE5F-D219FFBE9911}.Release|x64.ActiveCfg = Release|Any CPU
		{B884EC75-1960-4513-BE5F-D219FFBE9911}.Release|x86.ActiveCfg = Release|Any CPU
		{39A25F1A-DBCF-49B7-9BAD-E3C35C6BCDB4}.Debug|Any CPU.ActiveCfg = Debug|x64
		{39A25F1A-DBCF-49B7-9BAD-E3C35C6BCDB4}.Debug|Any CPU.Build.0 = Debug|x64
		{39A25F1A-DBCF-49B7-9BAD-E3C35C6BCDB4}.Debug|Mixed Platforms.ActiveCfg = Debug|x64
		{39A25F1A-DBCF-49B7-9BAD-E3C35C6BCDB4}.Debug|Mixed Platforms.Build.0 = Debug|x64
		{39A25F1A-DBCF-49B7-9BAD-E3C35C6BCDB4}.Debug|Win32.ActiveCfg = Debug|Win32
		{39A25F1A-DBCF-49B7-9BAD-E3C35C6BCDB4}.Debug|Win32.Build.0 = Debug|Win32
		{39A25F1A-DBCF-49B7-9BAD-E3C35C6BCDB4}.Debug|x64.ActiveCfg = Debug|x64
		{39A25F1A-DBCF-49B7-9BAD-E3C35C6BCDB4}.Debug|x64.Build.0 = Debug|x64
		{39A25F1A-DBCF-49B7-9BAD-E3C35C6BCDB4}.Debug|x86.ActiveCfg = Debug|Win32
		{39A25F1A-DBCF-49B7-9BAD-E3C35C6BCDB4}.Debug|x86.Build.0 = Debug|Win32
		{39A25F1A-DBCF-49B7-9BAD-E3C35C6BCDB4}.Release|Any CPU.ActiveCfg = Release|x64
		{39A25F1A-DBCF-49B7-9BAD-E3C35C6BCDB4}.Release|Any CPU.Build.0 = Release|x64
		{39A25F1A-DBCF-49B7-9BAD-E3C35C6BCDB4}.Release|Mixed Platforms.ActiveCfg = Release|x64
		{39A25F1A-DBCF-49B7-9BAD-E3C35C6BCDB4}.Release|Mixed Platforms.Build.0 = Release|x64
		{39A25F1A-DBCF-49B7-9BAD-E3C35C6BCDB4}.Release|Win32.ActiveCfg = Release|Win32
		{39A25F1A-DBCF-49B7-9BAD-E3C35C6BCDB4}.Release|Win32.Build.0 = Release|Win32
		{39A25F1A-DBCF-49B7-9BAD-E3C35C6BCDB4}.Release|x64.ActiveCfg = Release|x64
		{39A25F1A-DBCF-49B7-9BAD-E3C35C6BCDB4}.Release|x64.Build.0 = Release|x64
		{39A25F1A-DBCF-49B7-9BAD-E3C35C6BCDB4}.Release|x86.ActiveCfg = Release|Win32
		{39A25F1A-DBCF-49B7-9BAD-E3C35C6BCDB4}.Release|x86.Build.0 = Release|Win32
		{C0CCA7CA-6FFC-4A5F-8F09-1BCB834749FA}.Debug|Any CPU.ActiveCfg = Debug|x64
		{C0CCA7CA-6FFC-4A5F-8F09-1BCB834749FA}.Debug|Any CPU.Build.0 = Debug|x64
		{C0CCA7CA-6FFC-4A5F-8F09-1BCB834749FA}.Debug|Mixed Platforms.ActiveCfg = Debug|x64
		{C0CCA7CA-6FFC-4A5F-8F09-1BCB834749FA}.Debug|Mixed Platforms.Build.0 = Debug|x64
		{C0CCA7CA-6FFC-4A5F-8F09-1BCB834749FA}.Debug|Win32.ActiveCfg = Debug|Win32
		{C0CCA7CA-6FFC-4A5F-8F09-1BCB834749FA}.Debug|Win32.Build.0 = Debug|Win32
		{C0CCA7CA-6FFC-4A5F-8F09-1BCB834749FA}.Debug|x64.ActiveCfg = Debug|x64
		{C0CCA7CA-6FFC-4A5F-8F09-1BCB834749FA}.Debug|x64.Build.0 = Debug|x64
		{C0CCA7CA-6FFC-4A5F-8F09-1BCB834749FA}.Debug|x86.ActiveCfg = Debug|Win32
		{C0CCA7CA-6FFC-4A5F-8F09-1BCB834749FA}.Debug|x86.Build.0 = Debug|Win32
		{C0CCA7CA-6FFC-4A5F-8F09-1BCB834749FA}.Release|Any CPU.ActiveCfg = Release|x64
		{C0CCA7CA-6FFC-4A5F-8F09-1BCB834749FA}.Release|Any CPU.Build.0 = Release|x64
		{C0CCA7CA-6FFC-4A5F-8F09-1BCB834749FA}.Release|Mixed Platforms.ActiveCfg = Release|x64
		{C0CCA7CA-6FFC-4A5F-8F09-1BCB834749FA}.Release|Mixed Platforms.Build.0 = Release|x64
		{C0CCA7CA-6FFC-4A5F-8F09-1BCB834749FA}.Release|Win32.ActiveCfg = Release|Win32
		{C0CCA7CA-6FFC-4A5F-8F09-1BCB834749FA}.Release|Win32.Build.0 = Release|Win32
		{C0CCA7CA-6FFC-4A5F-8F09-1BCB834749FA}.Release|x64.ActiveCfg = Release|x64
		{C0CCA7CA-6FFC-4A5F-8F09-1BCB834749FA}.Release|x64.Build.0 = Release|x64
		{C0CCA7CA-6FFC-4A5F-8F09-1BCB834749FA}.Release|x86.ActiveCfg = Release|Win32
		{C0CCA7CA-6FFC-4A5F-8F09-1BCB834749FA}.Release|x86.Build.0 = Release|Win32
		{51E722FE-1888-4DBD-9D67-F0EBA0FDB2FB}.Debug|Any CPU.ActiveCfg = Debug|x64
		{51E722FE-1888-4DBD-9D67-F0EBA0FDB2FB}.Debug|Any CPU.Build.0 = Debug|x64
		{51E722FE-1888-4DBD-9D67-F0EBA0FDB2FB}.Debug|Mixed Platforms.ActiveCfg = Debug|x64
		{51E722FE-1888-4DBD-9D67-F0EBA0FDB2FB}.Debug|Mixed Platforms.Build.0 = Debug|x64
		{51E722FE-1888-4DBD-9D67-F0EBA0FDB2FB}.Debug|Win32.ActiveCfg = Debug|Win32
		{51E722FE-1888-4DBD-9D67-F0EBA0FDB2FB}.Debug|Win32.Build.0 = Debug|Win32
		{51E722FE-1888-4DBD-9D67-F0EBA0FDB2FB}.Debug|x64.ActiveCfg = Debug|x64
		{51E722FE-1888-4DBD-9D67-F0EBA0FDB2FB}.Debug|x64.Build.0 = Debug|x64
		{51E722FE-1888-4DBD-9D67-F0EBA0FDB2FB}.Debug|x86.ActiveCfg = Debug|Win32
		{51E722FE-1888-4DBD-9D67-F0EBA0FDB2FB}.Debug|x86.Build.0 = Debug|Win32
		{51E722FE-1888-4DBD-9D67-F0EBA0FDB2FB}.Release|Any CPU.ActiveCfg = Release|x64
		{51E722FE-1888-4DBD-9D67-F0EBA0FDB2FB}.Release|Any CPU.Build.0 = Release|x64
		{51E722FE-1888-4DBD-9D67-F0EBA0FDB2FB}.Release|Mixed Platforms.ActiveCfg = Release|x64
		{51E722FE-1888-4DBD-9D67-F0EBA0FDB2FB}.Release|Mixed Platforms.Build.0 = Release|x64
		{51E722FE-1888-4DBD-9D67-F0EBA0FDB2FB}.Release|Win32.ActiveCfg = Release|Win32
		{51E722FE-1888-4DBD-9D67-F0EBA0FDB2FB}.Release|Win32.Build.0 = Release|Win32
		{51E722FE-1888-4DBD-9D67-F0EBA0FDB2FB}.Release|x64.ActiveCfg = Release|x64
		{51E722FE-1888-4DBD-9D67-F0EBA0FDB2FB}.Release|x64.Build.0 = Release|x64
		{51E722FE-1888-4DBD-9D67-F0EBA0FDB2FB}.Release|x86.ActiveCfg = Release|Win32
		{51E722FE-1888-4DBD-9D67-F0EBA0FDB2FB}.Release|x86.Build.0 = Release|Win32
		{BF93A588-260B-4769-A95C-980DFD0C0190}.Debug|Any CPU.ActiveCfg = Debug|x64
		{BF93A588-260B-4769-A95C-980DFD0C0190}.Debug|Any CPU.Build.0 = Debug|x64
		{BF93A588-260B-4769-A95C-980DFD0C0190}.Debug|Mixed Platforms.ActiveCfg = Debug|x64
		{BF93A588-260B-4769-A95C-980DFD0C0190}.Debug|Mixed Platforms.Build.0 = Debug|x64
		{BF93A588-260B-4769-A95C-980DFD0C0190}.Debug|Win32.ActiveCfg = Debug|Win32
		{BF93A588-260B-4769-A95C-980DFD0C0190}.Debug|Win32.Build.0 = Debug|Win32
		{BF93A588-260B-4769-A95C-980DFD0C0190}.Debug|x64.ActiveCfg = Debug|x64
		{BF93A588-260B-4769-A95C-980DFD0C0190}.Debug|x64.Build.0 = Debug|x64
		{BF93A588-260B-4769-A95C-980DFD0C0190}.Debug|x86.ActiveCfg = Debug|Win32
		{BF93A588-260B-4769-A95C-980DFD0C0190}.Debug|x86.Build.0 = Debug|Win32
		{BF93A588-260B-4769-A95C-980DFD0C0190}.Release|Any CPU.ActiveCfg = Release|x64
		{BF93A588-260B-4769-A95C-980DFD0C0190}.Release|Any CPU.Build.0 = Release|x64
		{BF93A588-260B-4769-A95C-980DFD0C0190}.Release|Mixed Platforms.ActiveCfg = Release|x64
		{BF93A588-260B-4769-A95C-980DFD0C0190}.Release|Mixed Platforms.Build.0 = Release|x64
		{BF93A588-260B-4769-A95C-980DFD0C0190}.Release|Win32.ActiveCfg = Release|Win32
		{BF93A588-260B-4769-A95C-980DFD0C0190}.Release|Win32.Build.0 = Release|Win32
		{BF93A588-260B-4769-A95C-980DFD0C0190}.Release|x64.ActiveCfg = Release|x64
		{BF93A588-260B-4769-A95C-980DFD0C0190}.Release|x64.Build.0 = Release|x64
		{BF93A588-260B-4769-A95C-980DFD0C0190}.Release|x86.ActiveCfg = Release|Win32
		{BF93A588-260B-4769-A95C-980DFD0C0190}.Release|x86.Build.0 = Release|Win32
		{507466A9-148A-4DC6-A5BE-17A6F9D259D8}.Debug|Any CPU.ActiveCfg = Debug|x64
		{507466A9-148A-4DC6-A5BE-17A6F9D259D8}.Debug|Any CPU.Build.0 = Debug|x64
		{507466A9-148A-4DC6-A5BE-17A6F9D259D8}.Debug|Mixed Platforms.ActiveCfg = Debug|x64
		{507466A9-148A-4DC6-A5BE-17A6F9D259D8}.Debug|Mixed Platforms.Build.0 = Debug|x64
		{507466A9-148A-4DC6-A5BE-17A6F9D259D8}.Debug|Win32.ActiveCfg = Debug|Win32
		{507466A9-148A-4DC6-A5BE-17A6F9D259D8}.Debug|Win32.Build.0 = Debug|Win32
		{507466A9-148A-4DC6-A5BE-17A6F9D259D8}.Debug|x64.ActiveCfg = Debug|x64
		{507466A9-148A-4DC6-A5BE-17A6F9D259D8}.Debug|x64.Build.0 = Debug|x64
		{507466A9-148A-4DC6-A5BE-17A6F9D259D8}.Debug|x86.ActiveCfg = Debug|Win32
		{507466A9-148A-4DC6-A5BE-17A6F9D259D8}.Debug|x86.Build.0 = Debug|Win32
		{507466A9-148A-4DC6-A5BE-17A6F9D259D8}.Release|Any CPU.ActiveCfg = Release|x64
		{507466A9-148A-4DC6-A5BE-17A6F9D259D8}.Release|Any CPU.Build.0 = Release|x64
		{507466A9-148A-4DC6-A5BE-17A6F9D259D8}.Release|Mixed Platforms.ActiveCfg = Release|x64
		{507466A9-148A-4DC6-A5BE-17A6F9D259D8}.Release|Mixed Platforms.Build.0 = Release|x64
		{507466A9-148A-4DC6-A5BE-17A6F9D259D8}.Release|Win32.ActiveCfg = Release|Win32
		{507466A9-148A-4DC6-A5BE-17A6F9D259D8}.Release|Win32.Build.0 = Release|Win32
		{507466A9-148A-4DC6-A5BE-17A6F9D259D8}.Release|x64.ActiveCfg = Release|x64
		{507466A9-148A-4DC6-A5BE-17A6F9D259D8}.Release|x64.Build.0 = Release|x64
		{507466A9-148A-4DC6-A5BE-17A6F9D259D8}.Release|x86.ActiveCfg = Release|Win32
		{507466A9-148A-4DC6-A5BE-17A6F9D259D8}.Release|x86.Build.0 = Release|Win32
		{AFFB6794-56EE-44B1-A8EF-B09B5FED2F8B}.Debug|Any CPU.ActiveCfg = Debug|x64
		{AFFB6794-56EE-44B1-A8EF-B09B5FED2F8B}.Debug|Any CPU.Build.0 = Debug|x64
		{AFFB6794-56EE-44B1-A8EF-B09B5FED2F8B}.Debug|Mixed Platforms.ActiveCfg = Debug|x64
		{AFFB6794-56EE-44B1-A8EF-B09B5FED2F8B}.Debug|Mixed Platforms.Build.0 = Debug|x64
		{AFFB6794-56EE-44B1-A8EF-B09B5FED2F8B}.Debug|Win32.ActiveCfg = Debug|Win32
		{AFFB6794-56EE-44B1-A8EF-B09B5FED2F8B}.Debug|Win32.Build.0 = Debug|Win32
		{AFFB6794-56EE-44B1-A8EF-B09B5FED2F8B}.Debug|x64.ActiveCfg = Debug|x64
		{AFFB6794-56EE-44B1-A8EF-B09B5FED2F8B}.Debug|x64.Build.0 = Debug|x64
		{AFFB6794-56EE-44B1-A8EF-B09B5FED2F8B}.Debug|x86.ActiveCfg = Debug|Win32
		{AFFB6794-56EE-44B1-A8EF-B09B5FED2F8B}.Debug|x86.Build.0 = Debug|Win32
		{AFFB6794-56EE-44B1-A8EF-B09B5FED2F8B}.Release|Any CPU.ActiveCfg = Release|x64
		{AFFB6794-56EE-44B1-A8EF-B09B5FED2F8B}.Release|Any CPU.Build.0 = Release|x64
		{AFFB6794-56EE-44B1-A8EF-B09B5FED2F8B}.Release|Mixed Platforms.ActiveCfg = Release|x64
		{AFFB6794-56EE-44B1-A8EF-B09B5FED2F8B}.Release|Mixed Platforms.Build.0 = Release|x64
		{AFFB6794-56EE-44B1-A8EF-B09B5FED2F8B}.Release|Win32.ActiveCfg = Release|Win32
		{AFFB6794-56EE-44B1-A8EF-B09B5FED2F8B}.Release|Win32.Build.0 = Release|Win32
		{AFFB6794-56EE-44B1-A8EF-B09B5FED2F8B}.Release|x64.ActiveCfg = Release|x64
		{AFFB6794-56EE-44B1-A8EF-B09B5FED2F8B}.Release|x64.Build.0 = Release|x64
		{AFFB6794-56EE-44B1-A8EF-B09B5FED2F8B}.Release|x86.ActiveCfg = Release|Win32
		{AFFB6794-56EE-44B1-A8EF-B09B5FED2F8B}.Release|x86.Build.0 = Release|Win32
		{A9784AAE-1940-4CF9-934D-AE0F34BBA63E}.Debug|Any CPU.ActiveCfg = Debug|x64
		{A9784AAE-1940-4CF9-934D-AE0F34BBA63E}.Debug|Any CPU.Build.0 = Debug|x64
		{A9784AAE-1940-4CF9-934D-AE0F34BBA63E}.Debug|Mixed Platforms.ActiveCfg = Debug|x64
		{A9784AAE-1940-4CF9-934D-AE0F34BBA63E}.Debug|Mixed Platforms.Build.0 = Debug|x64
		{A9784AAE-1940-4CF9-934D-AE0F34BBA63E}.Debug|Win32.ActiveCfg = Debug|Win32
		{A9784AAE-1940-4CF9-934D-AE0F34BBA63E}.Debug|Win32.Build.0 = Debug|Win32
		{A9784AAE-1940-4CF9-934D-AE0F34BBA63E}.Debug|x64.ActiveCfg = Debug|x64
		{A9784AAE-1940-4CF9-934D-AE0F34BBA63E}.Debug|x64.Build.0 = Debug|x64
		{A9784AAE-1940-4CF9-934D-AE0F34BBA63E}.Debug|x86.ActiveCfg = Debug|Win32
		{A9784AAE-1940-4CF9-934D-AE0F34BBA63E}.Debug|x86.Build.0 = Debug|Win32
		{A9784AAE-1940-4CF9-934D-AE0F34BBA63E}.Release|Any CPU.ActiveCfg = Release|x64
		{A9784AAE-1940-4CF9-934D-AE0F34BBA63E}.Release|Any CPU.Build.0 = Release|x64
		{A9784AAE-1940-4CF9-934D-AE0F34BBA63E}.Release|Mixed Platforms.ActiveCfg = Release|x64
		{A9784AAE-1940-4CF9-934D-AE0F34BBA63E}.Release|Mixed Platforms.Build.0 = Release|x64
		{A9784AAE-1940-4CF9-934D-AE0F34BBA63E}.Release|Win32.ActiveCfg = Release|Win32
		{A9784AAE-1940-4CF9-934D-AE0F34BBA63E}.Release|Win32.Build.0 = Release|Win32
		{A9784AAE-1940-4CF9-934D-AE0F34BBA63E}.Release|x64.ActiveCfg = Release|x64
		{A9784AAE-1940-4CF9-934D-AE0F34BBA63E}.Release|x64.Build.0 = Release|x64
		{A9784AAE-1940-4CF9-934D-AE0F34BBA63E}.Release|x86.ActiveCfg = Release|Win32
		{A9784AAE-1940-4CF9-934D-AE0F34BBA63E}.Release|x86.Build.0 = Release|Win32
		{F87396D2-BAA8-44F6-B4C9-A88BD5A320A4}.Debug|Any CPU.ActiveCfg = Debug|x64
		{F87396D2-BAA8-44F6-B4C9-A88BD5A320A4}.Debug|Any CPU.Build.0 = Debug|x64
		{F87396D2-BAA8-44F6-B4C9-A88BD5A320A4}.Debug|Mixed Platforms.ActiveCfg = Debug|x64
		{F87396D2-BAA8-44F6-B4C9-A88BD5A320A4}.Debug|Mixed Platforms.Build.0 = Debug|x64
		{F87396D2-BAA8-44F6-B4C9-A88BD5A320A4}.Debug|Win32.ActiveCfg = Debug|Win32
		{F87396D2-BAA8-44F6-B4C9-A88BD5A320A4}.Debug|Win32.Build.0 = Debug|Win32
		{F87396D2-BAA8-44F6-B4C9-A88BD5A320A4}.Debug|x64.ActiveCfg = Debug|x64
		{F87396D2-BAA8-44F6-B4C9-A88BD5A320A4}.Debug|x64.Build.0 = Debug|x64
		{F87396D2-BAA8-44F6-B4C9-A88BD5A320A4}.Debug|x86.ActiveCfg = Debug|Win32
		{F87396D2-BAA8-44F6-B4C9-A88BD5A320A4}.Debug|x86.Build.0 = Debug|Win32
		{F87396D2-BAA8-44F6-B4C9-A88BD5A320A4}.Release|Any CPU.ActiveCfg = Release|x64
		{F87396D2-BAA8-44F6-B4C9-A88BD5A320A4}.Release|Any CPU.Build.0 = Release|x64
		{F87396D2-BAA8-44F6-B4C9-A88BD5A320A4}.Release|Mixed Platforms.ActiveCfg = Release|x64
		{F87396D2-BAA8-44F6-B4C9-A88BD5A320A4}.Release|Mixed Platforms.Build.0 = Release|x64
		{F87396D2-BAA8-44F6-B4C9-A88BD5A320A4}.Release|Win32.ActiveCfg = Release|Win32
		{F87396D2-BAA8-44F6-B4C9-A88BD5A320A4}.Release|Win32.Build.0 = Release|Win32
		{F87396D2-BAA8-44F6-B4C9-A88BD5A320A4}.Release|x64.ActiveCfg = Release|x64
		{F87396D2-BAA8-44F6-B4C9-A88BD5A320A4}.Release|x64.Build.0 = Release|x64
		{F87396D2-BAA8-44F6-B4C9-A88BD5A320A4}.Release|x86.ActiveCfg = Release|Win32
		{F87396D2-BAA8-44F6-B4C9-A88BD5A320A4}.Release|x86.Build.0 = Release|Win32
		{23C8D4CD-1916-45F8-8767-D64DF2F29034}.Debug|Any CPU.ActiveCfg = Debug|x64
		{23C8D4CD-1916-45F8-8767-D64DF2F29034}.Debug|Any CPU.Build.0 = Debug|x64
		{23C8D4CD-1916-45F8-8767-D64DF2F29034}.Debug|Mixed Platforms.ActiveCfg = Debug|x64
		{23C8D4CD-1916-45F8-8767-D64DF2F29034}.Debug|Mixed Platforms.Build.0 = Debug|x64
		{23C8D4CD-1916-45F8-8767-D64DF2F29034}.Debug|Win32.ActiveCfg = Debug|Win32
		{23C8D4CD-1916-45F8-8767-D64DF2F29034}.Debug|Win32.Build.0 = Debug|Win32
		{23C8D4CD-1916-45F8-8767-D64DF2F29034}.Debug|x64.ActiveCfg = Debug|x64
		{23C8D4CD-1916-45F8-8767-D64DF2F29034}.Debug|x64.Build.0 = Debug|x64
		{23C8D4CD-1916-45F8-8767-D64DF2F29034}.Debug|x86.ActiveCfg = Debug|Win32
		{23C8D4CD-1916-45F8-8767-D64DF2F29034}.Debug|x86.Build.0 = Debug|Win32
		{23C8D4CD-1916-45F8-8767-D64DF2F29034}.Release|Any CPU.ActiveCfg = Release|x64
		{23C8D4CD-1916-45F8-8767-D64DF2F29034}.Release|Any CPU.Build.0 = Release|x64
		{23C8D4CD-1916-45F8-8767-D64DF2F29034}.Release|Mixed Platforms.ActiveCfg = Release|x64
		{23C8D4CD-1916-45F8-8767-D64DF2F29034}.Release|Mixed Platforms.Build.0 = Release|x64
		{23C8D4CD-1916-45F8-8767-D64DF2F29034}.Release|Win32.ActiveCfg = Release|Win32
		{23C8D4CD-1916-45F8-8767-D64DF2F29034}.Release|Win32.Build.0 = Release|Win32
		{23C8D4CD-1916-45F8-8767-D64DF2F29034}.Release|x64.ActiveCfg = Release|x64
		{23C8D4CD-1916-45F8-8767-D64DF2F29034}.Release|x64.Build.0 = Release|x64
		{23C8D4CD-1916-45F8-8767-D64DF2F29034}.Release|x86.ActiveCfg = Release|Win32
		{23C8D4CD-1916-45F8-8767-D64DF2F29034}.Release|x86.Build.0 = Release|Win32
		{57CAAC7D-44F0-4BD2-8B97-751398E9DA2C}.Debug|Any CPU.ActiveCfg = Debug|x64
		{57CAAC7D-44F0-4BD2-8B97-751398E9DA2C}.Debug|Any CPU.Build.0 = Debug|x64
		{57CAAC7D-44F0-4BD2-8B97-751398E9DA2C}.Debug|Mixed Platforms.ActiveCfg = Debug|x64
		{57CAAC7D-44F0-4BD2-8B97-751398E9DA2C}.Debug|Mixed Platforms.Build.0 = Debug|x64
		{57CAAC7D-44F0-4BD2-8B97-751398E9DA2C}.Debug|Win32.ActiveCfg = Debug|Win32
		{57CAAC7D-44F0-4BD2-8B97-751398E9DA2C}.Debug|Win32.Build.0 = Debug|Win32
		{57CAAC7D-44F0-4BD2-8B97-751398E9DA2C}.Debug|x64.ActiveCfg = Debug|x64
		{57CAAC7D-44F0-4BD2-8B97-751398E9DA2C}.Debug|x64.Build.0 = Debug|x64
		{57CAAC7D-44F0-4BD2-8B97-751398E9DA2C}.Debug|x86.ActiveCfg = Debug|Win32
		{57CAAC7D-44F0-4BD2-8B97-751398E9DA2C}.Debug|x86.Build.0 = Debug|Win32
		{57CAAC7D-44F0-4BD2-8B97-751398E9DA2C}.Release|Any CPU.ActiveCfg = Release|x64
		{57CAAC7D-44F0-4BD2-8B97-751398E9DA2C}.Release|Any CPU.Build.0 = Release|x64
		{57CAAC7D-44F0-4BD2-8B97-751398E9DA2C}.Release|Mixed Platforms.ActiveCfg = Release|x64
		{57CAAC7D-44F0-4BD2-8B97-751398E9DA2C}.Release|Mixed Platforms.Build.0 = Release|x64
		{57CAAC7D-44F0-4BD2-8B97-751398E9DA2C}.Release|Win32.ActiveCfg = Release|Win32
		{57CAAC7D-44F0-4BD2-8B97-751398E9DA2C}.Release|Win32.Build.0 = Release|Win32
		{57CAAC7D-44F0-4BD2-8B97-751398E9DA2C}.Release|x64.ActiveCfg = Release|x64
		{57CAAC7D-44F0-4BD2-8B97-751398E9DA2C}.Release|x64.Build.0 = Release|x64
		{57CAAC7D-44F0-4BD2-8B97-751398E9DA2C}.Release|x86.ActiveCfg = Release|Win32
		{57CAAC7D-44F0-4BD2-8B97-751398E9DA2C}.Release|x86.Build.0 = Release|Win32
		{7E486E6A-1BA8-45E0-9864-D0009F202E74}.Debug|Any CPU.ActiveCfg = Debug|x64
		{7E486E6A-1BA8-45E0-9864-D0009F202E74}.Debug|Any CPU.Build.0 = Debug|x64
		{7E486E6A-1BA8-45E0-9864-D0009F202E74}.Debug|Mixed Platforms.ActiveCfg = Debug|x64
		{7E486E6A-1BA8-45E0-9864-D0009F202E74}.Debug|Mixed Platforms.Build.0 = Debug|x64
		{7E486E6A-1BA8-45E0-9864-D0009F202E74}.Debug|Win32.ActiveCfg = Debug|Win32
		{7E486E6A-1BA8-45E0-9864-D0009F202E74}.Debug|Win32.Build.0 = Debug|Win32
		{7E486E6A-1BA8-45E0-9864-D0009F202E74}.Debug|x64.ActiveCfg = Debug|x64
		{7E486E6A-1BA8-45E0-9864-D0009F202E74}.Debug|x64.Build.0 = Debug|x64
		{7E486E6A-1BA8-45E0-9864-D0009F202E74}.Debug|x86.ActiveCfg = Debug|Win32
		{7E486E6A-1BA8-45E0-9864-D0009F202E74}.Debug|x86.Build.0 = Debug|Win32
		{7E486E6A-1BA8-45E0-9864-D0009F202E74}.Release|Any CPU.ActiveCfg = Release|x64
		{7E486E6A-1BA8-45E0-9864-D0009F202E74}.Release|Any CPU.Build.0 = Release|x64
		{7E486E6A-1BA8-45E0-9864-D0009F202E74}.Release|Mixed Platforms.ActiveCfg = Release|x64
		{7E486E6A-1BA8-45E0-9864-D0009F202E74}.Release|Mixed Platforms.Build.0 = Release|x64
		{7E486E6A-1BA8-45E0-9864-D0009F202E74}.Release|Win32.ActiveCfg = Release|Win32
		{7E486E6A-1BA8-45E0-9864-D0009F202E74}.Release|Win32.Build.0 = Release|Win32
		{7E486E6A-1BA8-45E0-9864-D0009F202E74}.Release|x64.ActiveCfg = Release|x64
		{7E486E6A-1BA8-45E0-9864-D0009F202E74}.Release|x64.Build.0 = Release|x64
		{7E486E6A-1BA8-45E0-9864-D0009F202E74}.Release|x86.ActiveCfg = Release|Win32
		{7E486E6A-1BA8-45E0-9864-D0009F202E74}.Release|x86.Build.0 = Release|Win32
	EndGlobalSection
	GlobalSection(SolutionProperties) = preSolution
		HideSolutionNode = FALSE
	EndGlobalSection
	GlobalSection(NestedProjects) = preSolution
		{B19FE6DD-F6FD-49DC-87A2-0709D614E53B} = {041A0D9D-E6E6-46BF-8897-D6BE0D459000}
		{AF8C306C-4BA6-4A82-B3DA-2A2C817D0128} = {7FF5B254-E9F6-4B76-8844-6973DF2D6785}
		{697BB827-3455-493F-9D14-A5F59E2A1CC1} = {3F584555-E218-4B91-8457-61E4A5B89511}
		{0F4E5EC5-EFE6-4C34-962F-16B2F288032F} = {3F584555-E218-4B91-8457-61E4A5B89511}
		{922F05BD-6F17-4460-9F20-0B025E714DF5} = {3F584555-E218-4B91-8457-61E4A5B89511}
		{48AF197D-A452-4014-AAF3-1F87DFFB6FA4} = {3F584555-E218-4B91-8457-61E4A5B89511}
		{E04A13B0-9511-4CE1-BE43-1E632988F0F0} = {7FF5B254-E9F6-4B76-8844-6973DF2D6785}
		{DC5B134A-B969-4071-82B1-B31427325C77} = {3F584555-E218-4B91-8457-61E4A5B89511}
		{A1FD9155-F00B-444A-99D8-25DFD3121F2E} = {7FF5B254-E9F6-4B76-8844-6973DF2D6785}
		{B884EC75-1960-4513-BE5F-D219FFBE9911} = {3F584555-E218-4B91-8457-61E4A5B89511}
		{39A25F1A-DBCF-49B7-9BAD-E3C35C6BCDB4} = {CD03FBE6-2E62-4156-87B4-6A5428B0E19D}
		{C0CCA7CA-6FFC-4A5F-8F09-1BCB834749FA} = {7FF5B254-E9F6-4B76-8844-6973DF2D6785}
		{51E722FE-1888-4DBD-9D67-F0EBA0FDB2FB} = {3F584555-E218-4B91-8457-61E4A5B89511}
		{507466A9-148A-4DC6-A5BE-17A6F9D259D8} = {7FF5B254-E9F6-4B76-8844-6973DF2D6785}
		{AFFB6794-56EE-44B1-A8EF-B09B5FED2F8B} = {7FF5B254-E9F6-4B76-8844-6973DF2D6785}
		{A9784AAE-1940-4CF9-934D-AE0F34BBA63E} = {5A34992A-75EE-4744-AAB5-4AF3D87DBEBA}
		{F87396D2-BAA8-44F6-B4C9-A88BD5A320A4} = {5A34992A-75EE-4744-AAB5-4AF3D87DBEBA}
		{23C8D4CD-1916-45F8-8767-D64DF2F29034} = {5A34992A-75EE-4744-AAB5-4AF3D87DBEBA}
		{57CAAC7D-44F0-4BD2-8B97-751398E9DA2C} = {7FF5B254-E9F6-4B76-8844-6973DF2D6785}
		{7E486E6A-1BA8-45E0-9864-D0009F202E74} = {7FF5B254-E9F6-4B76-8844-6973DF2D6785}
	EndGlobalSection
	GlobalSection(ExtensibilityGlobals) = postSolution
		SolutionGuid = {AF07BF1D-B5B4-442B-8ACC-B5AA0ABDB035}
	EndGlobalSection
EndGlobal
